
Microsoft Visual Studio Solution File, Format Version 12.00
# Visual Studio Version 16
VisualStudioVersion = 16.0.30406.217
MinimumVisualStudioVersion = 10.0.40219.1
Project("{9A19103F-16F7-4668-BE54-9A1E7A4F7556}") = "TimeStamp", "TimeStamp\TimeStamp.csproj", "{FDAD3D11-7976-49E7-BACA-D1D1D8235A1E}"
EndProject
Project("{9A19103F-16F7-4668-BE54-9A1E7A4F7556}") = "AssemblyVsNamespace", "AssemblyVsNamespace\AssemblyVsNamespace.csproj", "{06CFF5A0-70E2-41EC-95D1-21882950AB5F}"
EndProject
Project("{9A19103F-16F7-4668-BE54-9A1E7A4F7556}") = "Numbers", "Numbers\Numbers.csproj", "{63B3143D-C59F-46FE-B010-220EC864B873}"
EndProject
Project("{9A19103F-16F7-4668-BE54-9A1E7A4F7556}") = "ValueVsRefference", "ValueVsRefference\ValueVsRefference.csproj", "{105AC0F0-3798-45F4-B338-2FA88EC5B7EC}"
EndProject
Project("{9A19103F-16F7-4668-BE54-9A1E7A4F7556}") = "StructureType", "StructureType\StructureType.csproj", "{9A8B932A-3F0F-48A5-9DD8-5EA5381D8D04}"
EndProject
Project("{9A19103F-16F7-4668-BE54-9A1E7A4F7556}") = "EnumFlags", "EnumFlags\EnumFlags.csproj", "{79144E46-CE84-4232-887A-8A0A9B56F4B9}"
EndProject
Project("{9A19103F-16F7-4668-BE54-9A1E7A4F7556}") = "Enums", "Enums\Enums.csproj", "{EC81CB7C-08DB-42B4-A9CD-9FCE9BE46E9A}"
EndProject
Project("{9A19103F-16F7-4668-BE54-9A1E7A4F7556}") = "DynamicType", "DynamicType\DynamicType.csproj", "{5B4874BD-9440-432E-B48D-6D71A0AD825B}"
EndProject
Project("{9A19103F-16F7-4668-BE54-9A1E7A4F7556}") = "NullableTypes", "NullableTypes\NullableTypes.csproj", "{0C875BF6-F73F-491F-A551-218DE161027A}"
EndProject
Project("{9A19103F-16F7-4668-BE54-9A1E7A4F7556}") = "NullArithmetics", "NullArithmetics\NullArithmetics.csproj", "{14993F3D-F76E-4A27-8568-8D72AC133966}"
EndProject
Project("{9A19103F-16F7-4668-BE54-9A1E7A4F7556}") = "NullConditional", "NullConditional\NullConditional.csproj", "{12F47F28-C947-455E-80AB-EC128900FFD7}"
EndProject
Project("{2150E333-8FDC-42A3-9474-1A3956D46DE8}") = "theme01", "theme01", "{BE3306A9-7FB5-45B9-AD96-1D39A6FBCF74}"
EndProject
Project("{2150E333-8FDC-42A3-9474-1A3956D46DE8}") = "theme02", "theme02", "{303CCD03-707A-4E3E-BBAE-03729FDD10BA}"
EndProject
Project("{9A19103F-16F7-4668-BE54-9A1E7A4F7556}") = "SharpLoops", "SharpCycles\SharpLoops.csproj", "{B3994AFC-D0E7-4373-A954-EDF0AAC15E27}"
EndProject
Project("{9A19103F-16F7-4668-BE54-9A1E7A4F7556}") = "SharpJumpStatements", "SharpJumpStatements\SharpJumpStatements.csproj", "{6E0AEF27-8BEB-4DBA-AD3A-40AF6ACBCD3C}"
EndProject
Project("{9A19103F-16F7-4668-BE54-9A1E7A4F7556}") = "SharpConditionals", "SharpConditionals\SharpConditionals.csproj", "{7311662C-D7AE-488C-AEDA-7E6DBEC08B90}"
EndProject
Project("{9A19103F-16F7-4668-BE54-9A1E7A4F7556}") = "SwitchExpression", "SwitchExpression\SwitchExpression.csproj", "{584DC75F-9A3F-4550-A796-7D493618A9E5}"
EndProject
Project("{9A19103F-16F7-4668-BE54-9A1E7A4F7556}") = "ConsoleIO", "ConsoleIO\ConsoleIO.csproj", "{0DEDA183-8E79-4EAB-9BBC-A8DB881CA256}"
EndProject
Project("{9A19103F-16F7-4668-BE54-9A1E7A4F7556}") = "SharpBasicExceptions", "SharpBasicExceptions\SharpBasicExceptions.csproj", "{B1262120-9D92-4B58-9248-16C928FED480}"
EndProject
Project("{9A19103F-16F7-4668-BE54-9A1E7A4F7556}") = "ReturnStatement", "ReturnStatement\ReturnStatement.csproj", "{4AEF813C-CE54-4552-AF45-E44A5A66A7E1}"
EndProject
Project("{9A19103F-16F7-4668-BE54-9A1E7A4F7556}") = "RandomNumbers", "RandomNumbers\RandomNumbers.csproj", "{43EA52B0-89CB-4E50-95F8-2FEB0213EC55}"
EndProject
Project("{9A19103F-16F7-4668-BE54-9A1E7A4F7556}") = "Arrays", "Arrays\Arrays.csproj", "{A1BB602B-8ABE-465F-BEE8-13AB08DB7569}"
EndProject
Project("{9A19103F-16F7-4668-BE54-9A1E7A4F7556}") = "Characters", "Characters\Characters.csproj", "{1BA5805F-3AE5-4C21-BD48-782888C19631}"
EndProject
Project("{9A19103F-16F7-4668-BE54-9A1E7A4F7556}") = "UseRegex", "UseRegex\UseRegex.csproj", "{8DA75A3E-D460-4656-8772-DFC28296BD9D}"
EndProject
Project("{2150E333-8FDC-42A3-9474-1A3956D46DE8}") = "theme03", "theme03", "{27807A73-DE82-4758-8051-DB61A8F958E6}"
EndProject
Project("{9A19103F-16F7-4668-BE54-9A1E7A4F7556}") = "ClassDemo", "ClassDemo\ClassDemo.csproj", "{D258FF25-18BF-46B8-82D8-7395D8BF42F3}"
EndProject
Project("{9A19103F-16F7-4668-BE54-9A1E7A4F7556}") = "ParameterPassing", "ParameterPassing\ParameterPassing.csproj", "{C49ABEB3-F432-4366-A557-B2CC184A1EEE}"
EndProject
Project("{9A19103F-16F7-4668-BE54-9A1E7A4F7556}") = "InnerTypes", "InnerTypes\InnerTypes.csproj", "{8D707BAF-E686-4846-80F4-364C8B15E569}"
EndProject
Project("{9A19103F-16F7-4668-BE54-9A1E7A4F7556}") = "StaticDataAndMembers", "StaticDataAndMembers\StaticDataAndMembers.csproj", "{BA6E6A6A-4065-4161-9C37-800E54E6101C}"
EndProject
Project("{9A19103F-16F7-4668-BE54-9A1E7A4F7556}") = "AnonymousMethods", "AnonymousMethods\AnonymousMethods.csproj", "{588E81CA-FCB9-4542-85C4-25E729F111E9}"
EndProject
Project("{9A19103F-16F7-4668-BE54-9A1E7A4F7556}") = "refDemo", "refDemo\refDemo.csproj", "{0EBF06CA-2C6D-42AB-A34A-29C0D856F769}"
EndProject
Project("{2150E333-8FDC-42A3-9474-1A3956D46DE8}") = "theme04", "theme04", "{4E033FBE-F383-42F8-A0E4-82580CF72086}"
EndProject
Project("{9A19103F-16F7-4668-BE54-9A1E7A4F7556}") = "SharpProperties", "SharpProperties\SharpProperties.csproj", "{6E4FBA73-CEBC-417D-AF41-A8AB28A381F5}"
EndProject
Project("{9A19103F-16F7-4668-BE54-9A1E7A4F7556}") = "AdHocPolymorphism", "AdHocPolymorphism\AdHocPolymorphism.csproj", "{61E94523-8F73-4993-9B41-5C154755EEA1}"
EndProject
Project("{9A19103F-16F7-4668-BE54-9A1E7A4F7556}") = "CoersionPolymorphism", "CoersionPolymorphism\CoersionPolymorphism.csproj", "{B1D7C910-C27A-4C00-A241-19369EB0E9F5}"
EndProject
Project("{2150E333-8FDC-42A3-9474-1A3956D46DE8}") = "theme05", "theme05", "{9C1B6FEE-67FA-440A-B9FC-3B52AA7904C4}"
EndProject
Project("{9A19103F-16F7-4668-BE54-9A1E7A4F7556}") = "DelegateDemo", "DelegateDemo\DelegateDemo.csproj", "{F4239504-5699-453E-8FC8-A819C5BE8268}"
EndProject
Project("{9A19103F-16F7-4668-BE54-9A1E7A4F7556}") = "DelegateEvolution", "DelegateEvolution\DelegateEvolution.csproj", "{6CF401CF-751B-48B0-BB02-D9150621B4D1}"
EndProject
Project("{9A19103F-16F7-4668-BE54-9A1E7A4F7556}") = "MulticastDelegate", "MulticastDelegate\MulticastDelegate.csproj", "{1F4EFD6B-E8B3-4E7E-ACC8-3E593ABDABE3}"
EndProject
Project("{9A19103F-16F7-4668-BE54-9A1E7A4F7556}") = "EventsRaiseAndConsume", "EventsRaiseAndConsume\EventsRaiseAndConsume.csproj", "{DE374AE7-4AD1-4291-997F-3B5FA4F31855}"
EndProject
Project("{FAE04EC0-301F-11D3-BF4B-00C04F79EFBC}") = "ButtonClick2", "ButtonClick2\ButtonClick2.csproj", "{F7A622BE-955B-4BB3-87CF-BA243D6D3AE4}"
EndProject
Project("{2150E333-8FDC-42A3-9474-1A3956D46DE8}") = "theme07", "theme07", "{77F00516-D231-4175-95CD-19139437F94C}"
EndProject
Project("{9A19103F-16F7-4668-BE54-9A1E7A4F7556}") = "CustomGenericCollections", "CustomGenericCollections\CustomGenericCollections.csproj", "{15DCF2F0-3FC3-451D-8E61-4046A15F0645}"
EndProject
Project("{9A19103F-16F7-4668-BE54-9A1E7A4F7556}") = "ClassCollectionOfT", "ClassCollectionOfT\ClassCollectionOfT.csproj", "{3FF1A7AC-2830-44B4-8755-5D1B3A84C551}"
EndProject
Project("{9A19103F-16F7-4668-BE54-9A1E7A4F7556}") = "StackDemo", "StackDemo\StackDemo.csproj", "{F7C155EA-CCA1-4BD7-8E72-6B8B079002DC}"
EndProject
Project("{9A19103F-16F7-4668-BE54-9A1E7A4F7556}") = "GenericStackDemo", "GenericStackDemo\GenericStackDemo.csproj", "{C11F286D-5F74-47F5-BCD7-CDB55B6260C1}"
EndProject
Project("{FAE04EC0-301F-11D3-BF4B-00C04F79EFBC}") = "BadArrayList", "BadArrayList\BadArrayList.csproj", "{220A3BF9-9CC0-49FF-9D45-5F0F7595B9FC}"
EndProject
Project("{FAE04EC0-301F-11D3-BF4B-00C04F79EFBC}") = "QueueOfTDemo", "QueueOfTDemo\QueueOfTDemo.csproj", "{9E7482AC-AED0-43D5-836C-B8AB05FD6C90}"
EndProject
Global
	GlobalSection(SolutionConfigurationPlatforms) = preSolution
		Debug|Any CPU = Debug|Any CPU
		Release|Any CPU = Release|Any CPU
	EndGlobalSection
	GlobalSection(ProjectConfigurationPlatforms) = postSolution
		{FDAD3D11-7976-49E7-BACA-D1D1D8235A1E}.Debug|Any CPU.ActiveCfg = Debug|Any CPU
		{FDAD3D11-7976-49E7-BACA-D1D1D8235A1E}.Debug|Any CPU.Build.0 = Debug|Any CPU
		{FDAD3D11-7976-49E7-BACA-D1D1D8235A1E}.Release|Any CPU.ActiveCfg = Release|Any CPU
		{FDAD3D11-7976-49E7-BACA-D1D1D8235A1E}.Release|Any CPU.Build.0 = Release|Any CPU
		{06CFF5A0-70E2-41EC-95D1-21882950AB5F}.Debug|Any CPU.ActiveCfg = Debug|Any CPU
		{06CFF5A0-70E2-41EC-95D1-21882950AB5F}.Debug|Any CPU.Build.0 = Debug|Any CPU
		{06CFF5A0-70E2-41EC-95D1-21882950AB5F}.Release|Any CPU.ActiveCfg = Release|Any CPU
		{06CFF5A0-70E2-41EC-95D1-21882950AB5F}.Release|Any CPU.Build.0 = Release|Any CPU
		{63B3143D-C59F-46FE-B010-220EC864B873}.Debug|Any CPU.ActiveCfg = Debug|Any CPU
		{63B3143D-C59F-46FE-B010-220EC864B873}.Debug|Any CPU.Build.0 = Debug|Any CPU
		{63B3143D-C59F-46FE-B010-220EC864B873}.Release|Any CPU.ActiveCfg = Release|Any CPU
		{63B3143D-C59F-46FE-B010-220EC864B873}.Release|Any CPU.Build.0 = Release|Any CPU
		{105AC0F0-3798-45F4-B338-2FA88EC5B7EC}.Debug|Any CPU.ActiveCfg = Debug|Any CPU
		{105AC0F0-3798-45F4-B338-2FA88EC5B7EC}.Debug|Any CPU.Build.0 = Debug|Any CPU
		{105AC0F0-3798-45F4-B338-2FA88EC5B7EC}.Release|Any CPU.ActiveCfg = Release|Any CPU
		{105AC0F0-3798-45F4-B338-2FA88EC5B7EC}.Release|Any CPU.Build.0 = Release|Any CPU
		{9A8B932A-3F0F-48A5-9DD8-5EA5381D8D04}.Debug|Any CPU.ActiveCfg = Debug|Any CPU
		{9A8B932A-3F0F-48A5-9DD8-5EA5381D8D04}.Debug|Any CPU.Build.0 = Debug|Any CPU
		{9A8B932A-3F0F-48A5-9DD8-5EA5381D8D04}.Release|Any CPU.ActiveCfg = Release|Any CPU
		{9A8B932A-3F0F-48A5-9DD8-5EA5381D8D04}.Release|Any CPU.Build.0 = Release|Any CPU
		{79144E46-CE84-4232-887A-8A0A9B56F4B9}.Debug|Any CPU.ActiveCfg = Debug|Any CPU
		{79144E46-CE84-4232-887A-8A0A9B56F4B9}.Debug|Any CPU.Build.0 = Debug|Any CPU
		{79144E46-CE84-4232-887A-8A0A9B56F4B9}.Release|Any CPU.ActiveCfg = Release|Any CPU
		{79144E46-CE84-4232-887A-8A0A9B56F4B9}.Release|Any CPU.Build.0 = Release|Any CPU
		{EC81CB7C-08DB-42B4-A9CD-9FCE9BE46E9A}.Debug|Any CPU.ActiveCfg = Debug|Any CPU
		{EC81CB7C-08DB-42B4-A9CD-9FCE9BE46E9A}.Debug|Any CPU.Build.0 = Debug|Any CPU
		{EC81CB7C-08DB-42B4-A9CD-9FCE9BE46E9A}.Release|Any CPU.ActiveCfg = Release|Any CPU
		{EC81CB7C-08DB-42B4-A9CD-9FCE9BE46E9A}.Release|Any CPU.Build.0 = Release|Any CPU
		{5B4874BD-9440-432E-B48D-6D71A0AD825B}.Debug|Any CPU.ActiveCfg = Debug|Any CPU
		{5B4874BD-9440-432E-B48D-6D71A0AD825B}.Debug|Any CPU.Build.0 = Debug|Any CPU
		{5B4874BD-9440-432E-B48D-6D71A0AD825B}.Release|Any CPU.ActiveCfg = Release|Any CPU
		{5B4874BD-9440-432E-B48D-6D71A0AD825B}.Release|Any CPU.Build.0 = Release|Any CPU
		{0C875BF6-F73F-491F-A551-218DE161027A}.Debug|Any CPU.ActiveCfg = Debug|Any CPU
		{0C875BF6-F73F-491F-A551-218DE161027A}.Debug|Any CPU.Build.0 = Debug|Any CPU
		{0C875BF6-F73F-491F-A551-218DE161027A}.Release|Any CPU.ActiveCfg = Release|Any CPU
		{0C875BF6-F73F-491F-A551-218DE161027A}.Release|Any CPU.Build.0 = Release|Any CPU
		{14993F3D-F76E-4A27-8568-8D72AC133966}.Debug|Any CPU.ActiveCfg = Debug|Any CPU
		{14993F3D-F76E-4A27-8568-8D72AC133966}.Debug|Any CPU.Build.0 = Debug|Any CPU
		{14993F3D-F76E-4A27-8568-8D72AC133966}.Release|Any CPU.ActiveCfg = Release|Any CPU
		{14993F3D-F76E-4A27-8568-8D72AC133966}.Release|Any CPU.Build.0 = Release|Any CPU
		{12F47F28-C947-455E-80AB-EC128900FFD7}.Debug|Any CPU.ActiveCfg = Debug|Any CPU
		{12F47F28-C947-455E-80AB-EC128900FFD7}.Debug|Any CPU.Build.0 = Debug|Any CPU
		{12F47F28-C947-455E-80AB-EC128900FFD7}.Release|Any CPU.ActiveCfg = Release|Any CPU
		{12F47F28-C947-455E-80AB-EC128900FFD7}.Release|Any CPU.Build.0 = Release|Any CPU
		{B3994AFC-D0E7-4373-A954-EDF0AAC15E27}.Debug|Any CPU.ActiveCfg = Debug|Any CPU
		{B3994AFC-D0E7-4373-A954-EDF0AAC15E27}.Debug|Any CPU.Build.0 = Debug|Any CPU
		{B3994AFC-D0E7-4373-A954-EDF0AAC15E27}.Release|Any CPU.ActiveCfg = Release|Any CPU
		{B3994AFC-D0E7-4373-A954-EDF0AAC15E27}.Release|Any CPU.Build.0 = Release|Any CPU
		{6E0AEF27-8BEB-4DBA-AD3A-40AF6ACBCD3C}.Debug|Any CPU.ActiveCfg = Debug|Any CPU
		{6E0AEF27-8BEB-4DBA-AD3A-40AF6ACBCD3C}.Debug|Any CPU.Build.0 = Debug|Any CPU
		{6E0AEF27-8BEB-4DBA-AD3A-40AF6ACBCD3C}.Release|Any CPU.ActiveCfg = Release|Any CPU
		{6E0AEF27-8BEB-4DBA-AD3A-40AF6ACBCD3C}.Release|Any CPU.Build.0 = Release|Any CPU
		{7311662C-D7AE-488C-AEDA-7E6DBEC08B90}.Debug|Any CPU.ActiveCfg = Debug|Any CPU
		{7311662C-D7AE-488C-AEDA-7E6DBEC08B90}.Debug|Any CPU.Build.0 = Debug|Any CPU
		{7311662C-D7AE-488C-AEDA-7E6DBEC08B90}.Release|Any CPU.ActiveCfg = Release|Any CPU
		{7311662C-D7AE-488C-AEDA-7E6DBEC08B90}.Release|Any CPU.Build.0 = Release|Any CPU
		{584DC75F-9A3F-4550-A796-7D493618A9E5}.Debug|Any CPU.ActiveCfg = Debug|Any CPU
		{584DC75F-9A3F-4550-A796-7D493618A9E5}.Debug|Any CPU.Build.0 = Debug|Any CPU
		{584DC75F-9A3F-4550-A796-7D493618A9E5}.Release|Any CPU.ActiveCfg = Release|Any CPU
		{584DC75F-9A3F-4550-A796-7D493618A9E5}.Release|Any CPU.Build.0 = Release|Any CPU
		{0DEDA183-8E79-4EAB-9BBC-A8DB881CA256}.Debug|Any CPU.ActiveCfg = Debug|Any CPU
		{0DEDA183-8E79-4EAB-9BBC-A8DB881CA256}.Debug|Any CPU.Build.0 = Debug|Any CPU
		{0DEDA183-8E79-4EAB-9BBC-A8DB881CA256}.Release|Any CPU.ActiveCfg = Release|Any CPU
		{0DEDA183-8E79-4EAB-9BBC-A8DB881CA256}.Release|Any CPU.Build.0 = Release|Any CPU
		{B1262120-9D92-4B58-9248-16C928FED480}.Debug|Any CPU.ActiveCfg = Debug|Any CPU
		{B1262120-9D92-4B58-9248-16C928FED480}.Debug|Any CPU.Build.0 = Debug|Any CPU
		{B1262120-9D92-4B58-9248-16C928FED480}.Release|Any CPU.ActiveCfg = Release|Any CPU
		{B1262120-9D92-4B58-9248-16C928FED480}.Release|Any CPU.Build.0 = Release|Any CPU
		{4AEF813C-CE54-4552-AF45-E44A5A66A7E1}.Debug|Any CPU.ActiveCfg = Debug|Any CPU
		{4AEF813C-CE54-4552-AF45-E44A5A66A7E1}.Debug|Any CPU.Build.0 = Debug|Any CPU
		{4AEF813C-CE54-4552-AF45-E44A5A66A7E1}.Release|Any CPU.ActiveCfg = Release|Any CPU
		{4AEF813C-CE54-4552-AF45-E44A5A66A7E1}.Release|Any CPU.Build.0 = Release|Any CPU
		{43EA52B0-89CB-4E50-95F8-2FEB0213EC55}.Debug|Any CPU.ActiveCfg = Debug|Any CPU
		{43EA52B0-89CB-4E50-95F8-2FEB0213EC55}.Debug|Any CPU.Build.0 = Debug|Any CPU
		{43EA52B0-89CB-4E50-95F8-2FEB0213EC55}.Release|Any CPU.ActiveCfg = Release|Any CPU
		{43EA52B0-89CB-4E50-95F8-2FEB0213EC55}.Release|Any CPU.Build.0 = Release|Any CPU
		{A1BB602B-8ABE-465F-BEE8-13AB08DB7569}.Debug|Any CPU.ActiveCfg = Debug|Any CPU
		{A1BB602B-8ABE-465F-BEE8-13AB08DB7569}.Debug|Any CPU.Build.0 = Debug|Any CPU
		{A1BB602B-8ABE-465F-BEE8-13AB08DB7569}.Release|Any CPU.ActiveCfg = Release|Any CPU
		{A1BB602B-8ABE-465F-BEE8-13AB08DB7569}.Release|Any CPU.Build.0 = Release|Any CPU
		{1BA5805F-3AE5-4C21-BD48-782888C19631}.Debug|Any CPU.ActiveCfg = Debug|Any CPU
		{1BA5805F-3AE5-4C21-BD48-782888C19631}.Debug|Any CPU.Build.0 = Debug|Any CPU
		{1BA5805F-3AE5-4C21-BD48-782888C19631}.Release|Any CPU.ActiveCfg = Release|Any CPU
		{1BA5805F-3AE5-4C21-BD48-782888C19631}.Release|Any CPU.Build.0 = Release|Any CPU
		{8DA75A3E-D460-4656-8772-DFC28296BD9D}.Debug|Any CPU.ActiveCfg = Debug|Any CPU
		{8DA75A3E-D460-4656-8772-DFC28296BD9D}.Debug|Any CPU.Build.0 = Debug|Any CPU
		{8DA75A3E-D460-4656-8772-DFC28296BD9D}.Release|Any CPU.ActiveCfg = Release|Any CPU
		{8DA75A3E-D460-4656-8772-DFC28296BD9D}.Release|Any CPU.Build.0 = Release|Any CPU
		{D258FF25-18BF-46B8-82D8-7395D8BF42F3}.Debug|Any CPU.ActiveCfg = Debug|Any CPU
		{D258FF25-18BF-46B8-82D8-7395D8BF42F3}.Debug|Any CPU.Build.0 = Debug|Any CPU
		{D258FF25-18BF-46B8-82D8-7395D8BF42F3}.Release|Any CPU.ActiveCfg = Release|Any CPU
		{D258FF25-18BF-46B8-82D8-7395D8BF42F3}.Release|Any CPU.Build.0 = Release|Any CPU
		{C49ABEB3-F432-4366-A557-B2CC184A1EEE}.Debug|Any CPU.ActiveCfg = Debug|Any CPU
		{C49ABEB3-F432-4366-A557-B2CC184A1EEE}.Debug|Any CPU.Build.0 = Debug|Any CPU
		{C49ABEB3-F432-4366-A557-B2CC184A1EEE}.Release|Any CPU.ActiveCfg = Release|Any CPU
		{C49ABEB3-F432-4366-A557-B2CC184A1EEE}.Release|Any CPU.Build.0 = Release|Any CPU
		{8D707BAF-E686-4846-80F4-364C8B15E569}.Debug|Any CPU.ActiveCfg = Debug|Any CPU
		{8D707BAF-E686-4846-80F4-364C8B15E569}.Debug|Any CPU.Build.0 = Debug|Any CPU
		{8D707BAF-E686-4846-80F4-364C8B15E569}.Release|Any CPU.ActiveCfg = Release|Any CPU
		{8D707BAF-E686-4846-80F4-364C8B15E569}.Release|Any CPU.Build.0 = Release|Any CPU
		{BA6E6A6A-4065-4161-9C37-800E54E6101C}.Debug|Any CPU.ActiveCfg = Debug|Any CPU
		{BA6E6A6A-4065-4161-9C37-800E54E6101C}.Debug|Any CPU.Build.0 = Debug|Any CPU
		{BA6E6A6A-4065-4161-9C37-800E54E6101C}.Release|Any CPU.ActiveCfg = Release|Any CPU
		{BA6E6A6A-4065-4161-9C37-800E54E6101C}.Release|Any CPU.Build.0 = Release|Any CPU
		{588E81CA-FCB9-4542-85C4-25E729F111E9}.Debug|Any CPU.ActiveCfg = Debug|Any CPU
		{588E81CA-FCB9-4542-85C4-25E729F111E9}.Debug|Any CPU.Build.0 = Debug|Any CPU
		{588E81CA-FCB9-4542-85C4-25E729F111E9}.Release|Any CPU.ActiveCfg = Release|Any CPU
		{588E81CA-FCB9-4542-85C4-25E729F111E9}.Release|Any CPU.Build.0 = Release|Any CPU
		{0EBF06CA-2C6D-42AB-A34A-29C0D856F769}.Debug|Any CPU.ActiveCfg = Debug|Any CPU
		{0EBF06CA-2C6D-42AB-A34A-29C0D856F769}.Debug|Any CPU.Build.0 = Debug|Any CPU
		{0EBF06CA-2C6D-42AB-A34A-29C0D856F769}.Release|Any CPU.ActiveCfg = Release|Any CPU
		{0EBF06CA-2C6D-42AB-A34A-29C0D856F769}.Release|Any CPU.Build.0 = Release|Any CPU
		{6E4FBA73-CEBC-417D-AF41-A8AB28A381F5}.Debug|Any CPU.ActiveCfg = Debug|Any CPU
		{6E4FBA73-CEBC-417D-AF41-A8AB28A381F5}.Debug|Any CPU.Build.0 = Debug|Any CPU
		{6E4FBA73-CEBC-417D-AF41-A8AB28A381F5}.Release|Any CPU.ActiveCfg = Release|Any CPU
		{6E4FBA73-CEBC-417D-AF41-A8AB28A381F5}.Release|Any CPU.Build.0 = Release|Any CPU
		{61E94523-8F73-4993-9B41-5C154755EEA1}.Debug|Any CPU.ActiveCfg = Debug|Any CPU
		{61E94523-8F73-4993-9B41-5C154755EEA1}.Debug|Any CPU.Build.0 = Debug|Any CPU
		{61E94523-8F73-4993-9B41-5C154755EEA1}.Release|Any CPU.ActiveCfg = Release|Any CPU
		{61E94523-8F73-4993-9B41-5C154755EEA1}.Release|Any CPU.Build.0 = Release|Any CPU
		{B1D7C910-C27A-4C00-A241-19369EB0E9F5}.Debug|Any CPU.ActiveCfg = Debug|Any CPU
		{B1D7C910-C27A-4C00-A241-19369EB0E9F5}.Debug|Any CPU.Build.0 = Debug|Any CPU
		{B1D7C910-C27A-4C00-A241-19369EB0E9F5}.Release|Any CPU.ActiveCfg = Release|Any CPU
		{B1D7C910-C27A-4C00-A241-19369EB0E9F5}.Release|Any CPU.Build.0 = Release|Any CPU
		{F4239504-5699-453E-8FC8-A819C5BE8268}.Debug|Any CPU.ActiveCfg = Debug|Any CPU
		{F4239504-5699-453E-8FC8-A819C5BE8268}.Debug|Any CPU.Build.0 = Debug|Any CPU
		{F4239504-5699-453E-8FC8-A819C5BE8268}.Release|Any CPU.ActiveCfg = Release|Any CPU
		{F4239504-5699-453E-8FC8-A819C5BE8268}.Release|Any CPU.Build.0 = Release|Any CPU
		{6CF401CF-751B-48B0-BB02-D9150621B4D1}.Debug|Any CPU.ActiveCfg = Debug|Any CPU
		{6CF401CF-751B-48B0-BB02-D9150621B4D1}.Debug|Any CPU.Build.0 = Debug|Any CPU
		{6CF401CF-751B-48B0-BB02-D9150621B4D1}.Release|Any CPU.ActiveCfg = Release|Any CPU
		{6CF401CF-751B-48B0-BB02-D9150621B4D1}.Release|Any CPU.Build.0 = Release|Any CPU
		{1F4EFD6B-E8B3-4E7E-ACC8-3E593ABDABE3}.Debug|Any CPU.ActiveCfg = Debug|Any CPU
		{1F4EFD6B-E8B3-4E7E-ACC8-3E593ABDABE3}.Debug|Any CPU.Build.0 = Debug|Any CPU
		{1F4EFD6B-E8B3-4E7E-ACC8-3E593ABDABE3}.Release|Any CPU.ActiveCfg = Release|Any CPU
		{1F4EFD6B-E8B3-4E7E-ACC8-3E593ABDABE3}.Release|Any CPU.Build.0 = Release|Any CPU
		{DE374AE7-4AD1-4291-997F-3B5FA4F31855}.Debug|Any CPU.ActiveCfg = Debug|Any CPU
		{DE374AE7-4AD1-4291-997F-3B5FA4F31855}.Debug|Any CPU.Build.0 = Debug|Any CPU
		{DE374AE7-4AD1-4291-997F-3B5FA4F31855}.Release|Any CPU.ActiveCfg = Release|Any CPU
		{DE374AE7-4AD1-4291-997F-3B5FA4F31855}.Release|Any CPU.Build.0 = Release|Any CPU
		{F7A622BE-955B-4BB3-87CF-BA243D6D3AE4}.Debug|Any CPU.ActiveCfg = Debug|Any CPU
		{F7A622BE-955B-4BB3-87CF-BA243D6D3AE4}.Debug|Any CPU.Build.0 = Debug|Any CPU
		{F7A622BE-955B-4BB3-87CF-BA243D6D3AE4}.Release|Any CPU.ActiveCfg = Release|Any CPU
		{F7A622BE-955B-4BB3-87CF-BA243D6D3AE4}.Release|Any CPU.Build.0 = Release|Any CPU
		{15DCF2F0-3FC3-451D-8E61-4046A15F0645}.Debug|Any CPU.ActiveCfg = Debug|Any CPU
		{15DCF2F0-3FC3-451D-8E61-4046A15F0645}.Debug|Any CPU.Build.0 = Debug|Any CPU
		{15DCF2F0-3FC3-451D-8E61-4046A15F0645}.Release|Any CPU.ActiveCfg = Release|Any CPU
		{15DCF2F0-3FC3-451D-8E61-4046A15F0645}.Release|Any CPU.Build.0 = Release|Any CPU
		{3FF1A7AC-2830-44B4-8755-5D1B3A84C551}.Debug|Any CPU.ActiveCfg = Debug|Any CPU
		{3FF1A7AC-2830-44B4-8755-5D1B3A84C551}.Debug|Any CPU.Build.0 = Debug|Any CPU
		{3FF1A7AC-2830-44B4-8755-5D1B3A84C551}.Release|Any CPU.ActiveCfg = Release|Any CPU
		{3FF1A7AC-2830-44B4-8755-5D1B3A84C551}.Release|Any CPU.Build.0 = Release|Any CPU
		{F7C155EA-CCA1-4BD7-8E72-6B8B079002DC}.Debug|Any CPU.ActiveCfg = Debug|Any CPU
		{F7C155EA-CCA1-4BD7-8E72-6B8B079002DC}.Debug|Any CPU.Build.0 = Debug|Any CPU
		{F7C155EA-CCA1-4BD7-8E72-6B8B079002DC}.Release|Any CPU.ActiveCfg = Release|Any CPU
		{F7C155EA-CCA1-4BD7-8E72-6B8B079002DC}.Release|Any CPU.Build.0 = Release|Any CPU
		{C11F286D-5F74-47F5-BCD7-CDB55B6260C1}.Debug|Any CPU.ActiveCfg = Debug|Any CPU
		{C11F286D-5F74-47F5-BCD7-CDB55B6260C1}.Debug|Any CPU.Build.0 = Debug|Any CPU
		{C11F286D-5F74-47F5-BCD7-CDB55B6260C1}.Release|Any CPU.ActiveCfg = Release|Any CPU
		{C11F286D-5F74-47F5-BCD7-CDB55B6260C1}.Release|Any CPU.Build.0 = Release|Any CPU
		{220A3BF9-9CC0-49FF-9D45-5F0F7595B9FC}.Debug|Any CPU.ActiveCfg = Debug|Any CPU
		{220A3BF9-9CC0-49FF-9D45-5F0F7595B9FC}.Debug|Any CPU.Build.0 = Debug|Any CPU
		{220A3BF9-9CC0-49FF-9D45-5F0F7595B9FC}.Release|Any CPU.ActiveCfg = Release|Any CPU
		{220A3BF9-9CC0-49FF-9D45-5F0F7595B9FC}.Release|Any CPU.Build.0 = Release|Any CPU
		{9E7482AC-AED0-43D5-836C-B8AB05FD6C90}.Debug|Any CPU.ActiveCfg = Debug|Any CPU
		{9E7482AC-AED0-43D5-836C-B8AB05FD6C90}.Debug|Any CPU.Build.0 = Debug|Any CPU
		{9E7482AC-AED0-43D5-836C-B8AB05FD6C90}.Release|Any CPU.ActiveCfg = Release|Any CPU
		{9E7482AC-AED0-43D5-836C-B8AB05FD6C90}.Release|Any CPU.Build.0 = Release|Any CPU
	EndGlobalSection
	GlobalSection(SolutionProperties) = preSolution
		HideSolutionNode = FALSE
	EndGlobalSection
	GlobalSection(NestedProjects) = preSolution
		{FDAD3D11-7976-49E7-BACA-D1D1D8235A1E} = {BE3306A9-7FB5-45B9-AD96-1D39A6FBCF74}
		{06CFF5A0-70E2-41EC-95D1-21882950AB5F} = {BE3306A9-7FB5-45B9-AD96-1D39A6FBCF74}
		{63B3143D-C59F-46FE-B010-220EC864B873} = {BE3306A9-7FB5-45B9-AD96-1D39A6FBCF74}
		{105AC0F0-3798-45F4-B338-2FA88EC5B7EC} = {BE3306A9-7FB5-45B9-AD96-1D39A6FBCF74}
		{9A8B932A-3F0F-48A5-9DD8-5EA5381D8D04} = {BE3306A9-7FB5-45B9-AD96-1D39A6FBCF74}
		{79144E46-CE84-4232-887A-8A0A9B56F4B9} = {BE3306A9-7FB5-45B9-AD96-1D39A6FBCF74}
		{EC81CB7C-08DB-42B4-A9CD-9FCE9BE46E9A} = {BE3306A9-7FB5-45B9-AD96-1D39A6FBCF74}
		{5B4874BD-9440-432E-B48D-6D71A0AD825B} = {BE3306A9-7FB5-45B9-AD96-1D39A6FBCF74}
		{0C875BF6-F73F-491F-A551-218DE161027A} = {BE3306A9-7FB5-45B9-AD96-1D39A6FBCF74}
		{14993F3D-F76E-4A27-8568-8D72AC133966} = {BE3306A9-7FB5-45B9-AD96-1D39A6FBCF74}
		{12F47F28-C947-455E-80AB-EC128900FFD7} = {BE3306A9-7FB5-45B9-AD96-1D39A6FBCF74}
		{B3994AFC-D0E7-4373-A954-EDF0AAC15E27} = {303CCD03-707A-4E3E-BBAE-03729FDD10BA}
		{6E0AEF27-8BEB-4DBA-AD3A-40AF6ACBCD3C} = {303CCD03-707A-4E3E-BBAE-03729FDD10BA}
		{7311662C-D7AE-488C-AEDA-7E6DBEC08B90} = {303CCD03-707A-4E3E-BBAE-03729FDD10BA}
		{584DC75F-9A3F-4550-A796-7D493618A9E5} = {303CCD03-707A-4E3E-BBAE-03729FDD10BA}
		{0DEDA183-8E79-4EAB-9BBC-A8DB881CA256} = {BE3306A9-7FB5-45B9-AD96-1D39A6FBCF74}
		{B1262120-9D92-4B58-9248-16C928FED480} = {303CCD03-707A-4E3E-BBAE-03729FDD10BA}
		{4AEF813C-CE54-4552-AF45-E44A5A66A7E1} = {303CCD03-707A-4E3E-BBAE-03729FDD10BA}
		{43EA52B0-89CB-4E50-95F8-2FEB0213EC55} = {303CCD03-707A-4E3E-BBAE-03729FDD10BA}
		{A1BB602B-8ABE-465F-BEE8-13AB08DB7569} = {303CCD03-707A-4E3E-BBAE-03729FDD10BA}
		{1BA5805F-3AE5-4C21-BD48-782888C19631} = {303CCD03-707A-4E3E-BBAE-03729FDD10BA}
		{8DA75A3E-D460-4656-8772-DFC28296BD9D} = {303CCD03-707A-4E3E-BBAE-03729FDD10BA}
		{D258FF25-18BF-46B8-82D8-7395D8BF42F3} = {27807A73-DE82-4758-8051-DB61A8F958E6}
		{C49ABEB3-F432-4366-A557-B2CC184A1EEE} = {27807A73-DE82-4758-8051-DB61A8F958E6}
		{8D707BAF-E686-4846-80F4-364C8B15E569} = {27807A73-DE82-4758-8051-DB61A8F958E6}
		{BA6E6A6A-4065-4161-9C37-800E54E6101C} = {27807A73-DE82-4758-8051-DB61A8F958E6}
		{588E81CA-FCB9-4542-85C4-25E729F111E9} = {4E033FBE-F383-42F8-A0E4-82580CF72086}
		{0EBF06CA-2C6D-42AB-A34A-29C0D856F769} = {27807A73-DE82-4758-8051-DB61A8F958E6}
		{6E4FBA73-CEBC-417D-AF41-A8AB28A381F5} = {27807A73-DE82-4758-8051-DB61A8F958E6}
		{61E94523-8F73-4993-9B41-5C154755EEA1} = {4E033FBE-F383-42F8-A0E4-82580CF72086}
		{B1D7C910-C27A-4C00-A241-19369EB0E9F5} = {4E033FBE-F383-42F8-A0E4-82580CF72086}
		{F4239504-5699-453E-8FC8-A819C5BE8268} = {9C1B6FEE-67FA-440A-B9FC-3B52AA7904C4}
		{6CF401CF-751B-48B0-BB02-D9150621B4D1} = {9C1B6FEE-67FA-440A-B9FC-3B52AA7904C4}
		{1F4EFD6B-E8B3-4E7E-ACC8-3E593ABDABE3} = {9C1B6FEE-67FA-440A-B9FC-3B52AA7904C4}
		{DE374AE7-4AD1-4291-997F-3B5FA4F31855} = {9C1B6FEE-67FA-440A-B9FC-3B52AA7904C4}
		{F7A622BE-955B-4BB3-87CF-BA243D6D3AE4} = {9C1B6FEE-67FA-440A-B9FC-3B52AA7904C4}
		{15DCF2F0-3FC3-451D-8E61-4046A15F0645} = {77F00516-D231-4175-95CD-19139437F94C}
		{3FF1A7AC-2830-44B4-8755-5D1B3A84C551} = {77F00516-D231-4175-95CD-19139437F94C}
		{F7C155EA-CCA1-4BD7-8E72-6B8B079002DC} = {77F00516-D231-4175-95CD-19139437F94C}
		{C11F286D-5F74-47F5-BCD7-CDB55B6260C1} = {77F00516-D231-4175-95CD-19139437F94C}
		{220A3BF9-9CC0-49FF-9D45-5F0F7595B9FC} = {77F00516-D231-4175-95CD-19139437F94C}
		{9E7482AC-AED0-43D5-836C-B8AB05FD6C90} = {77F00516-D231-4175-95CD-19139437F94C}
	EndGlobalSection
	GlobalSection(ExtensibilityGlobals) = postSolution
		SolutionGuid = {BA50576A-7F81-41B4-A5E1-4E1BF412A3E0}
	EndGlobalSection
EndGlobal
